// !$*UTF8*$!
{
	archiveVersion = 1;
	classes = {
	};
	objectVersion = 50;
	objects = {

/* Begin PBXBuildFile section */
		BF918FA6261A83B40094977A /* AppDelegate.swift in Sources */ = {isa = PBXBuildFile; fileRef = BF918FA5261A83B40094977A /* AppDelegate.swift */; };
		BF918FA8261A83B40094977A /* SceneDelegate.swift in Sources */ = {isa = PBXBuildFile; fileRef = BF918FA7261A83B40094977A /* SceneDelegate.swift */; };
		BF918FAA261A83B40094977A /* ViewController.swift in Sources */ = {isa = PBXBuildFile; fileRef = BF918FA9261A83B40094977A /* ViewController.swift */; };
		BF918FAD261A83B40094977A /* Main.storyboard in Resources */ = {isa = PBXBuildFile; fileRef = BF918FAB261A83B40094977A /* Main.storyboard */; };
		BF918FAF261A83B80094977A /* Assets.xcassets in Resources */ = {isa = PBXBuildFile; fileRef = BF918FAE261A83B80094977A /* Assets.xcassets */; };
		BF918FB2261A83B80094977A /* LaunchScreen.storyboard in Resources */ = {isa = PBXBuildFile; fileRef = BF918FB0261A83B80094977A /* LaunchScreen.storyboard */; };
		BF918FBB261A8B7C0094977A /* ImageCommentsFeedController.swift in Sources */ = {isa = PBXBuildFile; fileRef = BF918FBA261A8B7C0094977A /* ImageCommentsFeedController.swift */; };
/* End PBXBuildFile section */

/* Begin PBXFileReference section */
		BF918FA2261A83B40094977A /* EssentialCommentsFeedPrototype.app */ = {isa = PBXFileReference; explicitFileType = wrapper.application; includeInIndex = 0; path = EssentialCommentsFeedPrototype.app; sourceTree = BUILT_PRODUCTS_DIR; };
		BF918FA5261A83B40094977A /* AppDelegate.swift */ = {isa = PBXFileReference; lastKnownFileType = sourcecode.swift; path = AppDelegate.swift; sourceTree = "<group>"; };
		BF918FA7261A83B40094977A /* SceneDelegate.swift */ = {isa = PBXFileReference; lastKnownFileType = sourcecode.swift; path = SceneDelegate.swift; sourceTree = "<group>"; };
		BF918FA9261A83B40094977A /* ViewController.swift */ = {isa = PBXFileReference; lastKnownFileType = sourcecode.swift; path = ViewController.swift; sourceTree = "<group>"; };
		BF918FAC261A83B40094977A /* Base */ = {isa = PBXFileReference; lastKnownFileType = file.storyboard; name = Base; path = Base.lproj/Main.storyboard; sourceTree = "<group>"; };
		BF918FAE261A83B80094977A /* Assets.xcassets */ = {isa = PBXFileReference; lastKnownFileType = folder.assetcatalog; path = Assets.xcassets; sourceTree = "<group>"; };
		BF918FB1261A83B80094977A /* Base */ = {isa = PBXFileReference; lastKnownFileType = file.storyboard; name = Base; path = Base.lproj/LaunchScreen.storyboard; sourceTree = "<group>"; };
		BF918FB3261A83B80094977A /* Info.plist */ = {isa = PBXFileReference; lastKnownFileType = text.plist.xml; path = Info.plist; sourceTree = "<group>"; };
		BF918FBA261A8B7C0094977A /* ImageCommentsFeedController.swift */ = {isa = PBXFileReference; lastKnownFileType = sourcecode.swift; path = ImageCommentsFeedController.swift; sourceTree = "<group>"; };
/* End PBXFileReference section */

/* Begin PBXFrameworksBuildPhase section */
		BF918F9F261A83B40094977A /* Frameworks */ = {
			isa = PBXFrameworksBuildPhase;
			buildActionMask = 2147483647;
			files = (
			);
			runOnlyForDeploymentPostprocessing = 0;
		};
/* End PBXFrameworksBuildPhase section */

/* Begin PBXGroup section */
		BF918F99261A83B40094977A = {
			isa = PBXGroup;
			children = (
				BF918FA4261A83B40094977A /* EssentialCommentsFeedPrototype */,
				BF918FA3261A83B40094977A /* Products */,
			);
			sourceTree = "<group>";
		};
		BF918FA3261A83B40094977A /* Products */ = {
			isa = PBXGroup;
			children = (
				BF918FA2261A83B40094977A /* EssentialCommentsFeedPrototype.app */,
			);
			name = Products;
			sourceTree = "<group>";
		};
		BF918FA4261A83B40094977A /* EssentialCommentsFeedPrototype */ = {
			isa = PBXGroup;
			children = (
				BF918FA5261A83B40094977A /* AppDelegate.swift */,
				BF918FA7261A83B40094977A /* SceneDelegate.swift */,
				BF918FA9261A83B40094977A /* ViewController.swift */,
				BF918FAB261A83B40094977A /* Main.storyboard */,
				BF918FAE261A83B80094977A /* Assets.xcassets */,
				BF918FB0261A83B80094977A /* LaunchScreen.storyboard */,
				BF918FB3261A83B80094977A /* Info.plist */,
				BF918FBA261A8B7C0094977A /* ImageCommentsFeedController.swift */,
			);
			path = EssentialCommentsFeedPrototype;
			sourceTree = "<group>";
		};
/* End PBXGroup section */

/* Begin PBXNativeTarget section */
		BF918FA1261A83B40094977A /* EssentialCommentsFeedPrototype */ = {
			isa = PBXNativeTarget;
			buildConfigurationList = BF918FB6261A83B80094977A /* Build configuration list for PBXNativeTarget "EssentialCommentsFeedPrototype" */;
			buildPhases = (
				BF918F9E261A83B40094977A /* Sources */,
				BF918F9F261A83B40094977A /* Frameworks */,
				BF918FA0261A83B40094977A /* Resources */,
			);
			buildRules = (
			);
			dependencies = (
			);
			name = EssentialCommentsFeedPrototype;
			productName = EssentialCommentsFeedPrototype;
			productReference = BF918FA2261A83B40094977A /* EssentialCommentsFeedPrototype.app */;
			productType = "com.apple.product-type.application";
		};
/* End PBXNativeTarget section */

/* Begin PBXProject section */
		BF918F9A261A83B40094977A /* Project object */ = {
			isa = PBXProject;
			attributes = {
				LastSwiftUpdateCheck = 1240;
				LastUpgradeCheck = 1240;
				TargetAttributes = {
					BF918FA1261A83B40094977A = {
						CreatedOnToolsVersion = 12.4;
					};
				};
			};
			buildConfigurationList = BF918F9D261A83B40094977A /* Build configuration list for PBXProject "EssentialCommentsFeedPrototype" */;
			compatibilityVersion = "Xcode 9.3";
			developmentRegion = en;
			hasScannedForEncodings = 0;
			knownRegions = (
				en,
				Base,
			);
			mainGroup = BF918F99261A83B40094977A;
			productRefGroup = BF918FA3261A83B40094977A /* Products */;
			projectDirPath = "";
			projectRoot = "";
			targets = (
				BF918FA1261A83B40094977A /* EssentialCommentsFeedPrototype */,
			);
		};
/* End PBXProject section */

/* Begin PBXResourcesBuildPhase section */
		BF918FA0261A83B40094977A /* Resources */ = {
			isa = PBXResourcesBuildPhase;
			buildActionMask = 2147483647;
			files = (
				BF918FB2261A83B80094977A /* LaunchScreen.storyboard in Resources */,
				BF918FAF261A83B80094977A /* Assets.xcassets in Resources */,
				BF918FAD261A83B40094977A /* Main.storyboard in Resources */,
			);
			runOnlyForDeploymentPostprocessing = 0;
		};
/* End PBXResourcesBuildPhase section */

/* Begin PBXSourcesBuildPhase section */
		BF918F9E261A83B40094977A /* Sources */ = {
			isa = PBXSourcesBuildPhase;
			buildActionMask = 2147483647;
			files = (
				BF918FAA261A83B40094977A /* ViewController.swift in Sources */,
				BF918FA6261A83B40094977A /* AppDelegate.swift in Sources */,
				BF918FA8261A83B40094977A /* SceneDelegate.swift in Sources */,
				BF918FBB261A8B7C0094977A /* ImageCommentsFeedController.swift in Sources */,
			);
			runOnlyForDeploymentPostprocessing = 0;
		};
/* End PBXSourcesBuildPhase section */

/* Begin PBXVariantGroup section */
		BF918FAB261A83B40094977A /* Main.storyboard */ = {
			isa = PBXVariantGroup;
			children = (
				BF918FAC261A83B40094977A /* Base */,
			);
			name = Main.storyboard;
			sourceTree = "<group>";
		};
		BF918FB0261A83B80094977A /* LaunchScreen.storyboard */ = {
			isa = PBXVariantGroup;
			children = (
				BF918FB1261A83B80094977A /* Base */,
			);
			name = LaunchScreen.storyboard;
			sourceTree = "<group>";
		};
/* End PBXVariantGroup section */

/* Begin XCBuildConfiguration section */
		BF918FB4261A83B80094977A /* Debug */ = {
			isa = XCBuildConfiguration;
			buildSettings = {
				ALWAYS_SEARCH_USER_PATHS = NO;
				CLANG_ANALYZER_NONNULL = YES;
				CLANG_ANALYZER_NUMBER_OBJECT_CONVERSION = YES_AGGRESSIVE;
				CLANG_CXX_LANGUAGE_STANDARD = "gnu++14";
				CLANG_CXX_LIBRARY = "libc++";
				CLANG_ENABLE_MODULES = YES;
				CLANG_ENABLE_OBJC_ARC = YES;
				CLANG_ENABLE_OBJC_WEAK = YES;
				CLANG_WARN_BLOCK_CAPTURE_AUTORELEASING = YES;
				CLANG_WARN_BOOL_CONVERSION = YES;
				CLANG_WARN_COMMA = YES;
				CLANG_WARN_CONSTANT_CONVERSION = YES;
				CLANG_WARN_DEPRECATED_OBJC_IMPLEMENTATIONS = YES;
				CLANG_WARN_DIRECT_OBJC_ISA_USAGE = YES_ERROR;
				CLANG_WARN_DOCUMENTATION_COMMENTS = YES;
				CLANG_WARN_EMPTY_BODY = YES;
				CLANG_WARN_ENUM_CONVERSION = YES;
				CLANG_WARN_INFINITE_RECURSION = YES;
				CLANG_WARN_INT_CONVERSION = YES;
				CLANG_WARN_NON_LITERAL_NULL_CONVERSION = YES;
				CLANG_WARN_OBJC_IMPLICIT_RETAIN_SELF = YES;
				CLANG_WARN_OBJC_LITERAL_CONVERSION = YES;
				CLANG_WARN_OBJC_ROOT_CLASS = YES_ERROR;
				CLANG_WARN_QUOTED_INCLUDE_IN_FRAMEWORK_HEADER = YES;
				CLANG_WARN_RANGE_LOOP_ANALYSIS = YES;
				CLANG_WARN_STRICT_PROTOTYPES = YES;
				CLANG_WARN_SUSPICIOUS_MOVE = YES;
				CLANG_WARN_UNGUARDED_AVAILABILITY = YES_AGGRESSIVE;
				CLANG_WARN_UNREACHABLE_CODE = YES;
				CLANG_WARN__DUPLICATE_METHOD_MATCH = YES;
				COPY_PHASE_STRIP = NO;
				DEBUG_INFORMATION_FORMAT = dwarf;
				ENABLE_STRICT_OBJC_MSGSEND = YES;
				ENABLE_TESTABILITY = YES;
				GCC_C_LANGUAGE_STANDARD = gnu11;
				GCC_DYNAMIC_NO_PIC = NO;
				GCC_NO_COMMON_BLOCKS = YES;
				GCC_OPTIMIZATION_LEVEL = 0;
				GCC_PREPROCESSOR_DEFINITIONS = (
					"DEBUG=1",
					"$(inherited)",
				);
				GCC_WARN_64_TO_32_BIT_CONVERSION = YES;
				GCC_WARN_ABOUT_RETURN_TYPE = YES_ERROR;
				GCC_WARN_UNDECLARED_SELECTOR = YES;
				GCC_WARN_UNINITIALIZED_AUTOS = YES_AGGRESSIVE;
				GCC_WARN_UNUSED_FUNCTION = YES;
				GCC_WARN_UNUSED_VARIABLE = YES;
				IPHONEOS_DEPLOYMENT_TARGET = 14.4;
				MTL_ENABLE_DEBUG_INFO = INCLUDE_SOURCE;
				MTL_FAST_MATH = YES;
				ONLY_ACTIVE_ARCH = YES;
				SDKROOT = iphoneos;
				SWIFT_ACTIVE_COMPILATION_CONDITIONS = DEBUG;
				SWIFT_OPTIMIZATION_LEVEL = "-Onone";
			};
			name = Debug;
		};
		BF918FB5261A83B80094977A /* Release */ = {
			isa = XCBuildConfiguration;
			buildSettings = {
				ALWAYS_SEARCH_USER_PATHS = NO;
				CLANG_ANALYZER_NONNULL = YES;
				CLANG_ANALYZER_NUMBER_OBJECT_CONVERSION = YES_AGGRESSIVE;
				CLANG_CXX_LANGUAGE_STANDARD = "gnu++14";
				CLANG_CXX_LIBRARY = "libc++";
				CLANG_ENABLE_MODULES = YES;
				CLANG_ENABLE_OBJC_ARC = YES;
				CLANG_ENABLE_OBJC_WEAK = YES;
				CLANG_WARN_BLOCK_CAPTURE_AUTORELEASING = YES;
				CLANG_WARN_BOOL_CONVERSION = YES;
				CLANG_WARN_COMMA = YES;
				CLANG_WARN_CONSTANT_CONVERSION = YES;
				CLANG_WARN_DEPRECATED_OBJC_IMPLEMENTATIONS = YES;
				CLANG_WARN_DIRECT_OBJC_ISA_USAGE = YES_ERROR;
				CLANG_WARN_DOCUMENTATION_COMMENTS = YES;
				CLANG_WARN_EMPTY_BODY = YES;
				CLANG_WARN_ENUM_CONVERSION = YES;
				CLANG_WARN_INFINITE_RECURSION = YES;
				CLANG_WARN_INT_CONVERSION = YES;
				CLANG_WARN_NON_LITERAL_NULL_CONVERSION = YES;
				CLANG_WARN_OBJC_IMPLICIT_RETAIN_SELF = YES;
				CLANG_WARN_OBJC_LITERAL_CONVERSION = YES;
				CLANG_WARN_OBJC_ROOT_CLASS = YES_ERROR;
				CLANG_WARN_QUOTED_INCLUDE_IN_FRAMEWORK_HEADER = YES;
				CLANG_WARN_RANGE_LOOP_ANALYSIS = YES;
				CLANG_WARN_STRICT_PROTOTYPES = YES;
				CLANG_WARN_SUSPICIOUS_MOVE = YES;
				CLANG_WARN_UNGUARDED_AVAILABILITY = YES_AGGRESSIVE;
				CLANG_WARN_UNREACHABLE_CODE = YES;
				CLANG_WARN__DUPLICATE_METHOD_MATCH = YES;
				COPY_PHASE_STRIP = NO;
				DEBUG_INFORMATION_FORMAT = "dwarf-with-dsym";
				ENABLE_NS_ASSERTIONS = NO;
				ENABLE_STRICT_OBJC_MSGSEND = YES;
				GCC_C_LANGUAGE_STANDARD = gnu11;
				GCC_NO_COMMON_BLOCKS = YES;
				GCC_WARN_64_TO_32_BIT_CONVERSION = YES;
				GCC_WARN_ABOUT_RETURN_TYPE = YES_ERROR;
				GCC_WARN_UNDECLARED_SELECTOR = YES;
				GCC_WARN_UNINITIALIZED_AUTOS = YES_AGGRESSIVE;
				GCC_WARN_UNUSED_FUNCTION = YES;
				GCC_WARN_UNUSED_VARIABLE = YES;
				IPHONEOS_DEPLOYMENT_TARGET = 14.4;
				MTL_ENABLE_DEBUG_INFO = NO;
				MTL_FAST_MATH = YES;
				SDKROOT = iphoneos;
				SWIFT_COMPILATION_MODE = wholemodule;
				SWIFT_OPTIMIZATION_LEVEL = "-O";
				VALIDATE_PRODUCT = YES;
			};
			name = Release;
		};
		BF918FB7261A83B80094977A /* Debug */ = {
			isa = XCBuildConfiguration;
			buildSettings = {
				ASSETCATALOG_COMPILER_APPICON_NAME = AppIcon;
				ASSETCATALOG_COMPILER_GLOBAL_ACCENT_COLOR_NAME = AccentColor;
				CODE_SIGN_STYLE = Automatic;
				INFOPLIST_FILE = EssentialCommentsFeedPrototype/Info.plist;
				LD_RUNPATH_SEARCH_PATHS = (
					"$(inherited)",
					"@executable_path/Frameworks",
				);
				PRODUCT_BUNDLE_IDENTIFIER = wb.devs.EssentialCommentsFeedPrototype;
				PRODUCT_NAME = "$(TARGET_NAME)";
				SWIFT_VERSION = 5.0;
				TARGETED_DEVICE_FAMILY = "1,2";
			};
			name = Debug;
		};
		BF918FB8261A83B80094977A /* Release */ = {
			isa = XCBuildConfiguration;
			buildSettings = {
				ASSETCATALOG_COMPILER_APPICON_NAME = AppIcon;
				ASSETCATALOG_COMPILER_GLOBAL_ACCENT_COLOR_NAME = AccentColor;
				CODE_SIGN_STYLE = Automatic;
				INFOPLIST_FILE = EssentialCommentsFeedPrototype/Info.plist;
				LD_RUNPATH_SEARCH_PATHS = (
					"$(inherited)",
					"@executable_path/Frameworks",
				);
				PRODUCT_BUNDLE_IDENTIFIER = wb.devs.EssentialCommentsFeedPrototype;
				PRODUCT_NAME = "$(TARGET_NAME)";
				SWIFT_VERSION = 5.0;
				TARGETED_DEVICE_FAMILY = "1,2";
			};
			name = Release;
		};
/* End XCBuildConfiguration section */

/* Begin XCConfigurationList section */
		BF918F9D261A83B40094977A /* Build configuration list for PBXProject "EssentialCommentsFeedPrototype" */ = {
			isa = XCConfigurationList;
			buildConfigurations = (
				BF918FB4261A83B80094977A /* Debug */,
				BF918FB5261A83B80094977A /* Release */,
			);
			defaultConfigurationIsVisible = 0;
			defaultConfigurationName = Release;
		};
		BF918FB6261A83B80094977A /* Build configuration list for PBXNativeTarget "EssentialCommentsFeedPrototype" */ = {
			isa = XCConfigurationList;
			buildConfigurations = (
				BF918FB7261A83B80094977A /* Debug */,
				BF918FB8261A83B80094977A /* Release */,
			);
			defaultConfigurationIsVisible = 0;
			defaultConfigurationName = Release;
		};
/* End XCConfigurationList section */
	};
	rootObject = BF918F9A261A83B40094977A /* Project object */;
}
